// !$*UTF8*$!
{
	archiveVersion = 1;
	classes = {
	};
	objectVersion = 46;
	objects = {

/* Begin PBXBuildFile section */
		BE21904B2053318600BFB99A /* SyntaxTextViewLayoutManager.swift in Sources */ = {isa = PBXBuildFile; fileRef = BE21904A2053318600BFB99A /* SyntaxTextViewLayoutManager.swift */; };
		BE21904C20533BEB00BFB99A /* SyntaxTextViewLayoutManager.swift in Sources */ = {isa = PBXBuildFile; fileRef = BE21904A2053318600BFB99A /* SyntaxTextViewLayoutManager.swift */; };
		BE4280382038C38900C8FE24 /* SyntaxTextView+TextViewDelegate.swift in Sources */ = {isa = PBXBuildFile; fileRef = BE4280372038C38900C8FE24 /* SyntaxTextView+TextViewDelegate.swift */; };
		BE4280392038C38E00C8FE24 /* SyntaxTextView+TextViewDelegate.swift in Sources */ = {isa = PBXBuildFile; fileRef = BE4280372038C38900C8FE24 /* SyntaxTextView+TextViewDelegate.swift */; };
		BE42803B2038C3AA00C8FE24 /* Paragraphs.swift in Sources */ = {isa = PBXBuildFile; fileRef = BE42803A2038C3AA00C8FE24 /* Paragraphs.swift */; };
		BE42803D2038C3DA00C8FE24 /* TextViewWrapperView.swift in Sources */ = {isa = PBXBuildFile; fileRef = BE42803C2038C3DA00C8FE24 /* TextViewWrapperView.swift */; };
		BE42803E2038C3DA00C8FE24 /* TextViewWrapperView.swift in Sources */ = {isa = PBXBuildFile; fileRef = BE42803C2038C3DA00C8FE24 /* TextViewWrapperView.swift */; };
		BE42803F2038C4DB00C8FE24 /* Paragraphs.swift in Sources */ = {isa = PBXBuildFile; fileRef = BE42803A2038C3AA00C8FE24 /* Paragraphs.swift */; };
		BE71CB861F125D0400C6B93E /* InnerTextView.swift in Sources */ = {isa = PBXBuildFile; fileRef = BE71CB851F125D0400C6B93E /* InnerTextView.swift */; };
		BE71CB871F125D0400C6B93E /* InnerTextView.swift in Sources */ = {isa = PBXBuildFile; fileRef = BE71CB851F125D0400C6B93E /* InnerTextView.swift */; };
		BE71CB891F125E7500C6B93E /* String+Range.swift in Sources */ = {isa = PBXBuildFile; fileRef = BE71CB881F125E7500C6B93E /* String+Range.swift */; };
		BE71CB8A1F125E7500C6B93E /* String+Range.swift in Sources */ = {isa = PBXBuildFile; fileRef = BE71CB881F125E7500C6B93E /* String+Range.swift */; };
		BE71CB8D1F125E8800C6B93E /* NSTextView+UIKit.swift in Sources */ = {isa = PBXBuildFile; fileRef = BE71CB8B1F125E8800C6B93E /* NSTextView+UIKit.swift */; };
		BE99F5FE1F07E6240076CDEF /* JungleKit.h in Headers */ = {isa = PBXBuildFile; fileRef = BE99F5F41F07E6240076CDEF /* JungleKit.h */; };
		BE99F5FF1F07E6240076CDEF /* JungleKit.h in Headers */ = {isa = PBXBuildFile; fileRef = BE99F5F41F07E6240076CDEF /* JungleKit.h */; };
		BE99F6011F07E6240076CDEF /* ASTVisualizer.swift in Sources */ = {isa = PBXBuildFile; fileRef = BE99F5F71F07E6240076CDEF /* ASTVisualizer.swift */; };
		BE99F6021F07E6240076CDEF /* Paragraph.swift in Sources */ = {isa = PBXBuildFile; fileRef = BE99F5F81F07E6240076CDEF /* Paragraph.swift */; };
		BE99F6041F07E6240076CDEF /* SyntaxColorTheme.swift in Sources */ = {isa = PBXBuildFile; fileRef = BE99F5F91F07E6240076CDEF /* SyntaxColorTheme.swift */; };
		BE99F6051F07E6240076CDEF /* SyntaxColorTheme.swift in Sources */ = {isa = PBXBuildFile; fileRef = BE99F5F91F07E6240076CDEF /* SyntaxColorTheme.swift */; };
		BE99F6061F07E6240076CDEF /* SyntaxTextView.swift in Sources */ = {isa = PBXBuildFile; fileRef = BE99F5FA1F07E6240076CDEF /* SyntaxTextView.swift */; };
		BE99F6071F07E6240076CDEF /* SyntaxTextView.swift in Sources */ = {isa = PBXBuildFile; fileRef = BE99F5FA1F07E6240076CDEF /* SyntaxTextView.swift */; };
		BE99F6081F07E6240076CDEF /* Types.swift in Sources */ = {isa = PBXBuildFile; fileRef = BE99F5FB1F07E6240076CDEF /* Types.swift */; };
		BE99F6091F07E6240076CDEF /* Types.swift in Sources */ = {isa = PBXBuildFile; fileRef = BE99F5FB1F07E6240076CDEF /* Types.swift */; };
		BEC34E9420EE74AC00DE7411 /* RegexLexer.swift in Sources */ = {isa = PBXBuildFile; fileRef = BEC34E9320EE74AC00DE7411 /* RegexLexer.swift */; };
		BEC34E9520EE74AC00DE7411 /* RegexLexer.swift in Sources */ = {isa = PBXBuildFile; fileRef = BEC34E9320EE74AC00DE7411 /* RegexLexer.swift */; };
		BEE5D947202788680040C72A /* Token.swift in Sources */ = {isa = PBXBuildFile; fileRef = BEE5D946202788680040C72A /* Token.swift */; };
		BEE5D94B2027887E0040C72A /* Lexer.swift in Sources */ = {isa = PBXBuildFile; fileRef = BEE5D94A2027887E0040C72A /* Lexer.swift */; };
		BEE5D94F2027897A0040C72A /* Token.swift in Sources */ = {isa = PBXBuildFile; fileRef = BEE5D946202788680040C72A /* Token.swift */; };
		BEE5D9512027897A0040C72A /* Lexer.swift in Sources */ = {isa = PBXBuildFile; fileRef = BEE5D94A2027887E0040C72A /* Lexer.swift */; };
		BEE5D952202789840040C72A /* Paragraph.swift in Sources */ = {isa = PBXBuildFile; fileRef = BE99F5F81F07E6240076CDEF /* Paragraph.swift */; };
		BEE6D381209A29CE00E881D9 /* NSMutableAttributedString+Tokens.swift in Sources */ = {isa = PBXBuildFile; fileRef = BEE6D380209A29CE00E881D9 /* NSMutableAttributedString+Tokens.swift */; };
		BEE6D382209A29CE00E881D9 /* NSMutableAttributedString+Tokens.swift in Sources */ = {isa = PBXBuildFile; fileRef = BEE6D380209A29CE00E881D9 /* NSMutableAttributedString+Tokens.swift */; };
		BEE6D38A209A312400E881D9 /* SavannaKitTests.swift in Sources */ = {isa = PBXBuildFile; fileRef = BEE6D389209A312400E881D9 /* SavannaKitTests.swift */; };
		BEE6D38C209A312400E881D9 /* SavannaKit.framework in Frameworks */ = {isa = PBXBuildFile; fileRef = BE15626E1EFE9E7C00EB3723 /* SavannaKit.framework */; };
		BEED01AD209CE2820058219D /* LineNumberLayoutManager.swift in Sources */ = {isa = PBXBuildFile; fileRef = BEED01AC209CE2820058219D /* LineNumberLayoutManager.swift */; };
		BEED01AE209E4D010058219D /* LineNumberLayoutManager.swift in Sources */ = {isa = PBXBuildFile; fileRef = BEED01AC209CE2820058219D /* LineNumberLayoutManager.swift */; };
		BEF8B64320B88780006B85E9 /* AppDelegate.swift in Sources */ = {isa = PBXBuildFile; fileRef = BEF8B64220B88780006B85E9 /* AppDelegate.swift */; };
		BEF8B64520B88780006B85E9 /* ViewController.swift in Sources */ = {isa = PBXBuildFile; fileRef = BEF8B64420B88780006B85E9 /* ViewController.swift */; };
		BEF8B64820B88780006B85E9 /* Main.storyboard in Resources */ = {isa = PBXBuildFile; fileRef = BEF8B64620B88780006B85E9 /* Main.storyboard */; };
		BEF8B64A20B88782006B85E9 /* Assets.xcassets in Resources */ = {isa = PBXBuildFile; fileRef = BEF8B64920B88782006B85E9 /* Assets.xcassets */; };
		BEF8B64D20B88782006B85E9 /* LaunchScreen.storyboard in Resources */ = {isa = PBXBuildFile; fileRef = BEF8B64B20B88782006B85E9 /* LaunchScreen.storyboard */; };
		BEF8B65220B888CA006B85E9 /* SavannaKit.framework in Frameworks */ = {isa = PBXBuildFile; fileRef = BEDA3F351E380E5D00B5091C /* SavannaKit.framework */; };
		BEF8B65320B888CA006B85E9 /* SavannaKit.framework in Embed Frameworks */ = {isa = PBXBuildFile; fileRef = BEDA3F351E380E5D00B5091C /* SavannaKit.framework */; settings = {ATTRIBUTES = (CodeSignOnCopy, RemoveHeadersOnCopy, ); }; };
/* End PBXBuildFile section */

/* Begin PBXContainerItemProxy section */
		BEE6D38D209A312400E881D9 /* PBXContainerItemProxy */ = {
			isa = PBXContainerItemProxy;
			containerPortal = BEDA3F2C1E380E5D00B5091C /* Project object */;
			proxyType = 1;
			remoteGlobalIDString = BE15626D1EFE9E7C00EB3723;
			remoteInfo = "SavannaKit macOS";
		};
		BEF8B65420B888CA006B85E9 /* PBXContainerItemProxy */ = {
			isa = PBXContainerItemProxy;
			containerPortal = BEDA3F2C1E380E5D00B5091C /* Project object */;
			proxyType = 1;
			remoteGlobalIDString = BEDA3F341E380E5D00B5091C;
			remoteInfo = "SavannaKit iOS";
		};
/* End PBXContainerItemProxy section */

/* Begin PBXCopyFilesBuildPhase section */
		BEF8B65620B888CA006B85E9 /* Embed Frameworks */ = {
			isa = PBXCopyFilesBuildPhase;
			buildActionMask = 2147483647;
			dstPath = "";
			dstSubfolderSpec = 10;
			files = (
				BEF8B65320B888CA006B85E9 /* SavannaKit.framework in Embed Frameworks */,
			);
			name = "Embed Frameworks";
			runOnlyForDeploymentPostprocessing = 0;
		};
/* End PBXCopyFilesBuildPhase section */

/* Begin PBXFileReference section */
		BE15626E1EFE9E7C00EB3723 /* SavannaKit.framework */ = {isa = PBXFileReference; explicitFileType = wrapper.framework; includeInIndex = 0; path = SavannaKit.framework; sourceTree = BUILT_PRODUCTS_DIR; };
		BE2055211F1D53C00051EE97 /* Lioness.framework */ = {isa = PBXFileReference; lastKnownFileType = wrapper.framework; name = Lioness.framework; path = "../../../Library/Developer/Xcode/DerivedData/Pixure-cgdlqshesrvljvcaumkelrnmbwqn/Build/Products/Release/Lioness.framework"; sourceTree = "<group>"; };
		BE2055231F1D56AE0051EE97 /* Lioness.framework */ = {isa = PBXFileReference; lastKnownFileType = wrapper.framework; name = Lioness.framework; path = "../../../Library/Developer/Xcode/DerivedData/SavannaKit-fyzqygnhrdukxucyxotmtknnxggx/Build/Products/Release/Lioness.framework"; sourceTree = "<group>"; };
		BE21904A2053318600BFB99A /* SyntaxTextViewLayoutManager.swift */ = {isa = PBXFileReference; lastKnownFileType = sourcecode.swift; path = SyntaxTextViewLayoutManager.swift; sourceTree = "<group>"; };
		BE4280372038C38900C8FE24 /* SyntaxTextView+TextViewDelegate.swift */ = {isa = PBXFileReference; lastKnownFileType = sourcecode.swift; path = "SyntaxTextView+TextViewDelegate.swift"; sourceTree = "<group>"; };
		BE42803A2038C3AA00C8FE24 /* Paragraphs.swift */ = {isa = PBXFileReference; lastKnownFileType = sourcecode.swift; path = Paragraphs.swift; sourceTree = "<group>"; };
		BE42803C2038C3DA00C8FE24 /* TextViewWrapperView.swift */ = {isa = PBXFileReference; lastKnownFileType = sourcecode.swift; path = TextViewWrapperView.swift; sourceTree = "<group>"; };
		BE71CB851F125D0400C6B93E /* InnerTextView.swift */ = {isa = PBXFileReference; fileEncoding = 4; lastKnownFileType = sourcecode.swift; path = InnerTextView.swift; sourceTree = "<group>"; };
		BE71CB881F125E7500C6B93E /* String+Range.swift */ = {isa = PBXFileReference; fileEncoding = 4; lastKnownFileType = sourcecode.swift; path = "String+Range.swift"; sourceTree = "<group>"; };
		BE71CB8B1F125E8800C6B93E /* NSTextView+UIKit.swift */ = {isa = PBXFileReference; fileEncoding = 4; lastKnownFileType = sourcecode.swift; path = "NSTextView+UIKit.swift"; sourceTree = "<group>"; };
		BE99F5F31F07E6240076CDEF /* Info.plist */ = {isa = PBXFileReference; fileEncoding = 4; lastKnownFileType = text.plist.xml; path = Info.plist; sourceTree = "<group>"; };
		BE99F5F41F07E6240076CDEF /* JungleKit.h */ = {isa = PBXFileReference; fileEncoding = 4; lastKnownFileType = sourcecode.c.h; path = JungleKit.h; sourceTree = "<group>"; };
		BE99F5F71F07E6240076CDEF /* ASTVisualizer.swift */ = {isa = PBXFileReference; fileEncoding = 4; lastKnownFileType = sourcecode.swift; path = ASTVisualizer.swift; sourceTree = "<group>"; };
		BE99F5F81F07E6240076CDEF /* Paragraph.swift */ = {isa = PBXFileReference; fileEncoding = 4; lastKnownFileType = sourcecode.swift; path = Paragraph.swift; sourceTree = "<group>"; };
		BE99F5F91F07E6240076CDEF /* SyntaxColorTheme.swift */ = {isa = PBXFileReference; fileEncoding = 4; lastKnownFileType = sourcecode.swift; path = SyntaxColorTheme.swift; sourceTree = "<group>"; };
		BE99F5FA1F07E6240076CDEF /* SyntaxTextView.swift */ = {isa = PBXFileReference; fileEncoding = 4; lastKnownFileType = sourcecode.swift; path = SyntaxTextView.swift; sourceTree = "<group>"; };
		BE99F5FB1F07E6240076CDEF /* Types.swift */ = {isa = PBXFileReference; fileEncoding = 4; lastKnownFileType = sourcecode.swift; path = Types.swift; sourceTree = "<group>"; };
		BEC34E9320EE74AC00DE7411 /* RegexLexer.swift */ = {isa = PBXFileReference; lastKnownFileType = sourcecode.swift; path = RegexLexer.swift; sourceTree = "<group>"; };
		BEDA3F351E380E5D00B5091C /* SavannaKit.framework */ = {isa = PBXFileReference; explicitFileType = wrapper.framework; includeInIndex = 0; path = SavannaKit.framework; sourceTree = BUILT_PRODUCTS_DIR; };
		BEE5D946202788680040C72A /* Token.swift */ = {isa = PBXFileReference; lastKnownFileType = sourcecode.swift; path = Token.swift; sourceTree = "<group>"; };
		BEE5D94A2027887E0040C72A /* Lexer.swift */ = {isa = PBXFileReference; lastKnownFileType = sourcecode.swift; path = Lexer.swift; sourceTree = "<group>"; };
		BEE6D380209A29CE00E881D9 /* NSMutableAttributedString+Tokens.swift */ = {isa = PBXFileReference; lastKnownFileType = sourcecode.swift; path = "NSMutableAttributedString+Tokens.swift"; sourceTree = "<group>"; };
		BEE6D387209A312400E881D9 /* SavannaKitTests.xctest */ = {isa = PBXFileReference; explicitFileType = wrapper.cfbundle; includeInIndex = 0; path = SavannaKitTests.xctest; sourceTree = BUILT_PRODUCTS_DIR; };
		BEE6D389209A312400E881D9 /* SavannaKitTests.swift */ = {isa = PBXFileReference; lastKnownFileType = sourcecode.swift; path = SavannaKitTests.swift; sourceTree = "<group>"; };
		BEE6D38B209A312400E881D9 /* Info.plist */ = {isa = PBXFileReference; lastKnownFileType = text.plist.xml; path = Info.plist; sourceTree = "<group>"; };
		BEED01AC209CE2820058219D /* LineNumberLayoutManager.swift */ = {isa = PBXFileReference; lastKnownFileType = sourcecode.swift; path = LineNumberLayoutManager.swift; sourceTree = "<group>"; };
		BEF8B64020B88780006B85E9 /* iOS Example.app */ = {isa = PBXFileReference; explicitFileType = wrapper.application; includeInIndex = 0; path = "iOS Example.app"; sourceTree = BUILT_PRODUCTS_DIR; };
		BEF8B64220B88780006B85E9 /* AppDelegate.swift */ = {isa = PBXFileReference; lastKnownFileType = sourcecode.swift; path = AppDelegate.swift; sourceTree = "<group>"; };
		BEF8B64420B88780006B85E9 /* ViewController.swift */ = {isa = PBXFileReference; lastKnownFileType = sourcecode.swift; path = ViewController.swift; sourceTree = "<group>"; };
		BEF8B64720B88780006B85E9 /* Base */ = {isa = PBXFileReference; lastKnownFileType = file.storyboard; name = Base; path = Base.lproj/Main.storyboard; sourceTree = "<group>"; };
		BEF8B64920B88782006B85E9 /* Assets.xcassets */ = {isa = PBXFileReference; lastKnownFileType = folder.assetcatalog; path = Assets.xcassets; sourceTree = "<group>"; };
		BEF8B64C20B88782006B85E9 /* Base */ = {isa = PBXFileReference; lastKnownFileType = file.storyboard; name = Base; path = Base.lproj/LaunchScreen.storyboard; sourceTree = "<group>"; };
		BEF8B64E20B88782006B85E9 /* Info.plist */ = {isa = PBXFileReference; lastKnownFileType = text.plist.xml; path = Info.plist; sourceTree = "<group>"; };
/* End PBXFileReference section */

/* Begin PBXFrameworksBuildPhase section */
		BE15626A1EFE9E7C00EB3723 /* Frameworks */ = {
			isa = PBXFrameworksBuildPhase;
			buildActionMask = 2147483647;
			files = (
			);
			runOnlyForDeploymentPostprocessing = 0;
		};
		BEDA3F311E380E5D00B5091C /* Frameworks */ = {
			isa = PBXFrameworksBuildPhase;
			buildActionMask = 2147483647;
			files = (
			);
			runOnlyForDeploymentPostprocessing = 0;
		};
		BEE6D384209A312400E881D9 /* Frameworks */ = {
			isa = PBXFrameworksBuildPhase;
			buildActionMask = 2147483647;
			files = (
				BEE6D38C209A312400E881D9 /* SavannaKit.framework in Frameworks */,
			);
			runOnlyForDeploymentPostprocessing = 0;
		};
		BEF8B63D20B88780006B85E9 /* Frameworks */ = {
			isa = PBXFrameworksBuildPhase;
			buildActionMask = 2147483647;
			files = (
				BEF8B65220B888CA006B85E9 /* SavannaKit.framework in Frameworks */,
			);
			runOnlyForDeploymentPostprocessing = 0;
		};
/* End PBXFrameworksBuildPhase section */

/* Begin PBXGroup section */
		BE99F5F21F07E6240076CDEF /* Platforms */ = {
			isa = PBXGroup;
			children = (
				BE99F5F31F07E6240076CDEF /* Info.plist */,
				BE99F5F41F07E6240076CDEF /* JungleKit.h */,
			);
			path = Platforms;
			sourceTree = "<group>";
		};
		BE99F5F51F07E6240076CDEF /* Sources */ = {
			isa = PBXGroup;
			children = (
				BE99F5F61F07E6240076CDEF /* SavannaKit */,
			);
			path = Sources;
			sourceTree = "<group>";
		};
		BE99F5F61F07E6240076CDEF /* SavannaKit */ = {
			isa = PBXGroup;
			children = (
				BEE5D94E202788A80040C72A /* Model */,
				BEE5D94D2027889A0040C72A /* Util */,
				BEE5D94C202788950040C72A /* View */,
				BE99F5F71F07E6240076CDEF /* ASTVisualizer.swift */,
			);
			path = SavannaKit;
			sourceTree = "<group>";
		};
		BEDA3F2B1E380E5D00B5091C = {
			isa = PBXGroup;
			children = (
				BE99F5F51F07E6240076CDEF /* Sources */,
				BE99F5F21F07E6240076CDEF /* Platforms */,
				BEE6D388209A312400E881D9 /* SavannaKitTests */,
				BEF8B64120B88780006B85E9 /* iOS Example */,
				BEDA3F361E380E5D00B5091C /* Products */,
				BEDA3F441E380FCD00B5091C /* Frameworks */,
			);
			sourceTree = "<group>";
		};
		BEDA3F361E380E5D00B5091C /* Products */ = {
			isa = PBXGroup;
			children = (
				BEDA3F351E380E5D00B5091C /* SavannaKit.framework */,
				BE15626E1EFE9E7C00EB3723 /* SavannaKit.framework */,
				BEE6D387209A312400E881D9 /* SavannaKitTests.xctest */,
				BEF8B64020B88780006B85E9 /* iOS Example.app */,
			);
			name = Products;
			sourceTree = "<group>";
		};
		BEDA3F441E380FCD00B5091C /* Frameworks */ = {
			isa = PBXGroup;
			children = (
				BE2055231F1D56AE0051EE97 /* Lioness.framework */,
				BE2055211F1D53C00051EE97 /* Lioness.framework */,
			);
			name = Frameworks;
			sourceTree = "<group>";
		};
		BEE5D94C202788950040C72A /* View */ = {
			isa = PBXGroup;
			children = (
				BE42803C2038C3DA00C8FE24 /* TextViewWrapperView.swift */,
				BE71CB851F125D0400C6B93E /* InnerTextView.swift */,
				BE99F5FA1F07E6240076CDEF /* SyntaxTextView.swift */,
				BE4280372038C38900C8FE24 /* SyntaxTextView+TextViewDelegate.swift */,
				BE42803A2038C3AA00C8FE24 /* Paragraphs.swift */,
				BE21904A2053318600BFB99A /* SyntaxTextViewLayoutManager.swift */,
				BEED01AC209CE2820058219D /* LineNumberLayoutManager.swift */,
			);
			path = View;
			sourceTree = "<group>";
		};
		BEE5D94D2027889A0040C72A /* Util */ = {
			isa = PBXGroup;
			children = (
				BE99F5FB1F07E6240076CDEF /* Types.swift */,
				BE71CB881F125E7500C6B93E /* String+Range.swift */,
				BE71CB8B1F125E8800C6B93E /* NSTextView+UIKit.swift */,
				BEE6D380209A29CE00E881D9 /* NSMutableAttributedString+Tokens.swift */,
			);
			path = Util;
			sourceTree = "<group>";
		};
		BEE5D94E202788A80040C72A /* Model */ = {
			isa = PBXGroup;
			children = (
				BEE5D946202788680040C72A /* Token.swift */,
				BEE5D94A2027887E0040C72A /* Lexer.swift */,
				BEC34E9320EE74AC00DE7411 /* RegexLexer.swift */,
				BE99F5F81F07E6240076CDEF /* Paragraph.swift */,
				BE99F5F91F07E6240076CDEF /* SyntaxColorTheme.swift */,
			);
			path = Model;
			sourceTree = "<group>";
		};
		BEE6D388209A312400E881D9 /* SavannaKitTests */ = {
			isa = PBXGroup;
			children = (
				BEE6D389209A312400E881D9 /* SavannaKitTests.swift */,
				BEE6D38B209A312400E881D9 /* Info.plist */,
			);
			path = SavannaKitTests;
			sourceTree = "<group>";
		};
		BEF8B64120B88780006B85E9 /* iOS Example */ = {
			isa = PBXGroup;
			children = (
				BEF8B64220B88780006B85E9 /* AppDelegate.swift */,
				BEF8B64420B88780006B85E9 /* ViewController.swift */,
				BEF8B64620B88780006B85E9 /* Main.storyboard */,
				BEF8B64920B88782006B85E9 /* Assets.xcassets */,
				BEF8B64B20B88782006B85E9 /* LaunchScreen.storyboard */,
				BEF8B64E20B88782006B85E9 /* Info.plist */,
			);
			path = "iOS Example";
			sourceTree = "<group>";
		};
/* End PBXGroup section */

/* Begin PBXHeadersBuildPhase section */
		BE15626B1EFE9E7C00EB3723 /* Headers */ = {
			isa = PBXHeadersBuildPhase;
			buildActionMask = 2147483647;
			files = (
				BE99F5FF1F07E6240076CDEF /* JungleKit.h in Headers */,
			);
			runOnlyForDeploymentPostprocessing = 0;
		};
		BEDA3F321E380E5D00B5091C /* Headers */ = {
			isa = PBXHeadersBuildPhase;
			buildActionMask = 2147483647;
			files = (
				BE99F5FE1F07E6240076CDEF /* JungleKit.h in Headers */,
			);
			runOnlyForDeploymentPostprocessing = 0;
		};
/* End PBXHeadersBuildPhase section */

/* Begin PBXNativeTarget section */
		BE15626D1EFE9E7C00EB3723 /* SavannaKit macOS */ = {
			isa = PBXNativeTarget;
			buildConfigurationList = BE1562731EFE9E7C00EB3723 /* Build configuration list for PBXNativeTarget "SavannaKit macOS" */;
			buildPhases = (
				BE1562691EFE9E7C00EB3723 /* Sources */,
				BE15626A1EFE9E7C00EB3723 /* Frameworks */,
				BE15626B1EFE9E7C00EB3723 /* Headers */,
				BE15626C1EFE9E7C00EB3723 /* Resources */,
			);
			buildRules = (
			);
			dependencies = (
			);
			name = "SavannaKit macOS";
			productName = JungleKit;
			productReference = BE15626E1EFE9E7C00EB3723 /* SavannaKit.framework */;
			productType = "com.apple.product-type.framework";
		};
		BEDA3F341E380E5D00B5091C /* SavannaKit iOS */ = {
			isa = PBXNativeTarget;
			buildConfigurationList = BEDA3F3D1E380E5D00B5091C /* Build configuration list for PBXNativeTarget "SavannaKit iOS" */;
			buildPhases = (
				BEDA3F301E380E5D00B5091C /* Sources */,
				BEDA3F311E380E5D00B5091C /* Frameworks */,
				BEDA3F321E380E5D00B5091C /* Headers */,
				BEDA3F331E380E5D00B5091C /* Resources */,
			);
			buildRules = (
			);
			dependencies = (
			);
			name = "SavannaKit iOS";
			productName = JungleKit;
			productReference = BEDA3F351E380E5D00B5091C /* SavannaKit.framework */;
			productType = "com.apple.product-type.framework";
		};
		BEE6D386209A312400E881D9 /* SavannaKitTests */ = {
			isa = PBXNativeTarget;
			buildConfigurationList = BEE6D38F209A312400E881D9 /* Build configuration list for PBXNativeTarget "SavannaKitTests" */;
			buildPhases = (
				BEE6D383209A312400E881D9 /* Sources */,
				BEE6D384209A312400E881D9 /* Frameworks */,
				BEE6D385209A312400E881D9 /* Resources */,
			);
			buildRules = (
			);
			dependencies = (
				BEE6D38E209A312400E881D9 /* PBXTargetDependency */,
			);
			name = SavannaKitTests;
			productName = SavannaKitTests;
			productReference = BEE6D387209A312400E881D9 /* SavannaKitTests.xctest */;
			productType = "com.apple.product-type.bundle.unit-test";
		};
		BEF8B63F20B88780006B85E9 /* iOS Example */ = {
			isa = PBXNativeTarget;
			buildConfigurationList = BEF8B65120B88782006B85E9 /* Build configuration list for PBXNativeTarget "iOS Example" */;
			buildPhases = (
				BEF8B63C20B88780006B85E9 /* Sources */,
				BEF8B63D20B88780006B85E9 /* Frameworks */,
				BEF8B63E20B88780006B85E9 /* Resources */,
				BEF8B65620B888CA006B85E9 /* Embed Frameworks */,
			);
			buildRules = (
			);
			dependencies = (
				BEF8B65520B888CA006B85E9 /* PBXTargetDependency */,
			);
			name = "iOS Example";
			productName = "iOS Example";
			productReference = BEF8B64020B88780006B85E9 /* iOS Example.app */;
			productType = "com.apple.product-type.application";
		};
/* End PBXNativeTarget section */

/* Begin PBXProject section */
		BEDA3F2C1E380E5D00B5091C /* Project object */ = {
			isa = PBXProject;
			attributes = {
				LastSwiftUpdateCheck = 0930;
				LastUpgradeCheck = 0930;
				ORGANIZATIONNAME = "Silver Fox";
				TargetAttributes = {
					BE15626D1EFE9E7C00EB3723 = {
						CreatedOnToolsVersion = 8.3.3;
						ProvisioningStyle = Manual;
					};
					BEDA3F341E380E5D00B5091C = {
						CreatedOnToolsVersion = 8.2.1;
						DevelopmentTeam = 6G5LMQ72D8;
						ProvisioningStyle = Manual;
					};
					BEE6D386209A312400E881D9 = {
						CreatedOnToolsVersion = 9.3;
						DevelopmentTeam = 6G5LMQ72D8;
						ProvisioningStyle = Automatic;
					};
					BEF8B63F20B88780006B85E9 = {
						CreatedOnToolsVersion = 9.3.1;
						DevelopmentTeam = 6G5LMQ72D8;
						ProvisioningStyle = Automatic;
					};
				};
			};
			buildConfigurationList = BEDA3F2F1E380E5D00B5091C /* Build configuration list for PBXProject "SavannaKit" */;
			compatibilityVersion = "Xcode 3.2";
			developmentRegion = English;
			hasScannedForEncodings = 0;
			knownRegions = (
				en,
				Base,
			);
			mainGroup = BEDA3F2B1E380E5D00B5091C;
			productRefGroup = BEDA3F361E380E5D00B5091C /* Products */;
			projectDirPath = "";
			projectRoot = "";
			targets = (
				BEDA3F341E380E5D00B5091C /* SavannaKit iOS */,
				BE15626D1EFE9E7C00EB3723 /* SavannaKit macOS */,
				BEE6D386209A312400E881D9 /* SavannaKitTests */,
				BEF8B63F20B88780006B85E9 /* iOS Example */,
			);
		};
/* End PBXProject section */

/* Begin PBXResourcesBuildPhase section */
		BE15626C1EFE9E7C00EB3723 /* Resources */ = {
			isa = PBXResourcesBuildPhase;
			buildActionMask = 2147483647;
			files = (
			);
			runOnlyForDeploymentPostprocessing = 0;
		};
		BEDA3F331E380E5D00B5091C /* Resources */ = {
			isa = PBXResourcesBuildPhase;
			buildActionMask = 2147483647;
			files = (
			);
			runOnlyForDeploymentPostprocessing = 0;
		};
		BEE6D385209A312400E881D9 /* Resources */ = {
			isa = PBXResourcesBuildPhase;
			buildActionMask = 2147483647;
			files = (
			);
			runOnlyForDeploymentPostprocessing = 0;
		};
		BEF8B63E20B88780006B85E9 /* Resources */ = {
			isa = PBXResourcesBuildPhase;
			buildActionMask = 2147483647;
			files = (
				BEF8B64D20B88782006B85E9 /* LaunchScreen.storyboard in Resources */,
				BEF8B64A20B88782006B85E9 /* Assets.xcassets in Resources */,
				BEF8B64820B88780006B85E9 /* Main.storyboard in Resources */,
			);
			runOnlyForDeploymentPostprocessing = 0;
		};
/* End PBXResourcesBuildPhase section */

/* Begin PBXSourcesBuildPhase section */
		BE1562691EFE9E7C00EB3723 /* Sources */ = {
			isa = PBXSourcesBuildPhase;
			buildActionMask = 2147483647;
			files = (
				BE71CB8A1F125E7500C6B93E /* String+Range.swift in Sources */,
				BEED01AE209E4D010058219D /* LineNumberLayoutManager.swift in Sources */,
				BEE5D952202789840040C72A /* Paragraph.swift in Sources */,
				BE99F6011F07E6240076CDEF /* ASTVisualizer.swift in Sources */,
				BEC34E9520EE74AC00DE7411 /* RegexLexer.swift in Sources */,
				BE42803E2038C3DA00C8FE24 /* TextViewWrapperView.swift in Sources */,
				BE21904C20533BEB00BFB99A /* SyntaxTextViewLayoutManager.swift in Sources */,
				BE71CB8D1F125E8800C6B93E /* NSTextView+UIKit.swift in Sources */,
				BE42803F2038C4DB00C8FE24 /* Paragraphs.swift in Sources */,
				BEE5D9512027897A0040C72A /* Lexer.swift in Sources */,
				BE71CB871F125D0400C6B93E /* InnerTextView.swift in Sources */,
				BEE6D382209A29CE00E881D9 /* NSMutableAttributedString+Tokens.swift in Sources */,
				BE99F6071F07E6240076CDEF /* SyntaxTextView.swift in Sources */,
				BE99F6091F07E6240076CDEF /* Types.swift in Sources */,
				BE4280392038C38E00C8FE24 /* SyntaxTextView+TextViewDelegate.swift in Sources */,
				BE99F6051F07E6240076CDEF /* SyntaxColorTheme.swift in Sources */,
				BEE5D94F2027897A0040C72A /* Token.swift in Sources */,
			);
			runOnlyForDeploymentPostprocessing = 0;
		};
		BEDA3F301E380E5D00B5091C /* Sources */ = {
			isa = PBXSourcesBuildPhase;
			buildActionMask = 2147483647;
			files = (
				BEE6D381209A29CE00E881D9 /* NSMutableAttributedString+Tokens.swift in Sources */,
				BE42803D2038C3DA00C8FE24 /* TextViewWrapperView.swift in Sources */,
				BE21904B2053318600BFB99A /* SyntaxTextViewLayoutManager.swift in Sources */,
				BE99F6021F07E6240076CDEF /* Paragraph.swift in Sources */,
				BE4280382038C38900C8FE24 /* SyntaxTextView+TextViewDelegate.swift in Sources */,
				BEC34E9420EE74AC00DE7411 /* RegexLexer.swift in Sources */,
				BEE5D947202788680040C72A /* Token.swift in Sources */,
				BE99F6061F07E6240076CDEF /* SyntaxTextView.swift in Sources */,
				BE99F6081F07E6240076CDEF /* Types.swift in Sources */,
				BE71CB861F125D0400C6B93E /* InnerTextView.swift in Sources */,
				BEED01AD209CE2820058219D /* LineNumberLayoutManager.swift in Sources */,
				BE71CB891F125E7500C6B93E /* String+Range.swift in Sources */,
				BEE5D94B2027887E0040C72A /* Lexer.swift in Sources */,
				BE99F6041F07E6240076CDEF /* SyntaxColorTheme.swift in Sources */,
				BE42803B2038C3AA00C8FE24 /* Paragraphs.swift in Sources */,
			);
			runOnlyForDeploymentPostprocessing = 0;
		};
		BEE6D383209A312400E881D9 /* Sources */ = {
			isa = PBXSourcesBuildPhase;
			buildActionMask = 2147483647;
			files = (
				BEE6D38A209A312400E881D9 /* SavannaKitTests.swift in Sources */,
			);
			runOnlyForDeploymentPostprocessing = 0;
		};
		BEF8B63C20B88780006B85E9 /* Sources */ = {
			isa = PBXSourcesBuildPhase;
			buildActionMask = 2147483647;
			files = (
				BEF8B64520B88780006B85E9 /* ViewController.swift in Sources */,
				BEF8B64320B88780006B85E9 /* AppDelegate.swift in Sources */,
			);
			runOnlyForDeploymentPostprocessing = 0;
		};
/* End PBXSourcesBuildPhase section */

/* Begin PBXTargetDependency section */
		BEE6D38E209A312400E881D9 /* PBXTargetDependency */ = {
			isa = PBXTargetDependency;
			target = BE15626D1EFE9E7C00EB3723 /* SavannaKit macOS */;
			targetProxy = BEE6D38D209A312400E881D9 /* PBXContainerItemProxy */;
		};
		BEF8B65520B888CA006B85E9 /* PBXTargetDependency */ = {
			isa = PBXTargetDependency;
			target = BEDA3F341E380E5D00B5091C /* SavannaKit iOS */;
			targetProxy = BEF8B65420B888CA006B85E9 /* PBXContainerItemProxy */;
		};
/* End PBXTargetDependency section */

/* Begin PBXVariantGroup section */
		BEF8B64620B88780006B85E9 /* Main.storyboard */ = {
			isa = PBXVariantGroup;
			children = (
				BEF8B64720B88780006B85E9 /* Base */,
			);
			name = Main.storyboard;
			sourceTree = "<group>";
		};
		BEF8B64B20B88782006B85E9 /* LaunchScreen.storyboard */ = {
			isa = PBXVariantGroup;
			children = (
				BEF8B64C20B88782006B85E9 /* Base */,
			);
			name = LaunchScreen.storyboard;
			sourceTree = "<group>";
		};
/* End PBXVariantGroup section */

/* Begin XCBuildConfiguration section */
		BE1562741EFE9E7C00EB3723 /* Debug */ = {
			isa = XCBuildConfiguration;
			buildSettings = {
				APPLICATION_EXTENSION_API_ONLY = YES;
				CLANG_ANALYZER_NUMBER_OBJECT_CONVERSION = YES_AGGRESSIVE;
				CODE_SIGN_IDENTITY = "-";
				CODE_SIGN_STYLE = Manual;
				COMBINE_HIDPI_IMAGES = YES;
				DEFINES_MODULE = YES;
				DEVELOPMENT_TEAM = "";
				DYLIB_COMPATIBILITY_VERSION = 1;
				DYLIB_CURRENT_VERSION = 1;
				DYLIB_INSTALL_NAME_BASE = "@rpath";
				ENABLE_BITCODE = NO;
				FRAMEWORK_VERSION = A;
				INFOPLIST_FILE = Platforms/Info.plist;
				INSTALL_PATH = "$(LOCAL_LIBRARY_DIR)/Frameworks";
				LD_RUNPATH_SEARCH_PATHS = "$(inherited) @executable_path/../Frameworks @loader_path/Frameworks";
				MACOSX_DEPLOYMENT_TARGET = 10.13;
				PRODUCT_BUNDLE_IDENTIFIER = be.silverfox.savannakit;
				PRODUCT_MODULE_NAME = SavannaKit;
				PRODUCT_NAME = SavannaKit;
				PROVISIONING_PROFILE_SPECIFIER = "";
				SDKROOT = macosx;
				SKIP_INSTALL = YES;
				SWIFT_VERSION = 4.2;
			};
			name = Debug;
		};
		BE1562751EFE9E7C00EB3723 /* Release */ = {
			isa = XCBuildConfiguration;
			buildSettings = {
				APPLICATION_EXTENSION_API_ONLY = YES;
				CLANG_ANALYZER_NUMBER_OBJECT_CONVERSION = YES_AGGRESSIVE;
				CODE_SIGN_IDENTITY = "-";
				CODE_SIGN_STYLE = Manual;
				COMBINE_HIDPI_IMAGES = YES;
				DEFINES_MODULE = YES;
				DEVELOPMENT_TEAM = "";
				DYLIB_COMPATIBILITY_VERSION = 1;
				DYLIB_CURRENT_VERSION = 1;
				DYLIB_INSTALL_NAME_BASE = "@rpath";
				ENABLE_BITCODE = NO;
				FRAMEWORK_VERSION = A;
				INFOPLIST_FILE = Platforms/Info.plist;
				INSTALL_PATH = "$(LOCAL_LIBRARY_DIR)/Frameworks";
				LD_RUNPATH_SEARCH_PATHS = "$(inherited) @executable_path/../Frameworks @loader_path/Frameworks";
				MACOSX_DEPLOYMENT_TARGET = 10.13;
				PRODUCT_BUNDLE_IDENTIFIER = be.silverfox.savannakit;
				PRODUCT_MODULE_NAME = SavannaKit;
				PRODUCT_NAME = SavannaKit;
				PROVISIONING_PROFILE_SPECIFIER = "";
				SDKROOT = macosx;
				SKIP_INSTALL = YES;
				SWIFT_VERSION = 4.2;
			};
			name = Release;
		};
		BEDA3F3B1E380E5D00B5091C /* Debug */ = {
			isa = XCBuildConfiguration;
			buildSettings = {
				ALWAYS_SEARCH_USER_PATHS = NO;
				CLANG_ANALYZER_NONNULL = YES;
				CLANG_CXX_LANGUAGE_STANDARD = "gnu++0x";
				CLANG_CXX_LIBRARY = "libc++";
				CLANG_ENABLE_MODULES = YES;
				CLANG_ENABLE_OBJC_ARC = YES;
				CLANG_WARN_BLOCK_CAPTURE_AUTORELEASING = YES;
				CLANG_WARN_BOOL_CONVERSION = YES;
				CLANG_WARN_COMMA = YES;
				CLANG_WARN_CONSTANT_CONVERSION = YES;
				CLANG_WARN_DEPRECATED_OBJC_IMPLEMENTATIONS = YES;
				CLANG_WARN_DIRECT_OBJC_ISA_USAGE = YES_ERROR;
				CLANG_WARN_DOCUMENTATION_COMMENTS = YES;
				CLANG_WARN_EMPTY_BODY = YES;
				CLANG_WARN_ENUM_CONVERSION = YES;
				CLANG_WARN_INFINITE_RECURSION = YES;
				CLANG_WARN_INT_CONVERSION = YES;
				CLANG_WARN_NON_LITERAL_NULL_CONVERSION = YES;
				CLANG_WARN_OBJC_IMPLICIT_RETAIN_SELF = YES;
				CLANG_WARN_OBJC_LITERAL_CONVERSION = YES;
				CLANG_WARN_OBJC_ROOT_CLASS = YES_ERROR;
				CLANG_WARN_RANGE_LOOP_ANALYSIS = YES;
				CLANG_WARN_STRICT_PROTOTYPES = YES;
				CLANG_WARN_SUSPICIOUS_MOVE = YES;
				CLANG_WARN_UNREACHABLE_CODE = YES;
				CLANG_WARN__DUPLICATE_METHOD_MATCH = YES;
				"CODE_SIGN_IDENTITY[sdk=iphoneos*]" = "iPhone Developer";
				COPY_PHASE_STRIP = NO;
				CURRENT_PROJECT_VERSION = 1;
				DEBUG_INFORMATION_FORMAT = dwarf;
				ENABLE_BITCODE = YES;
				ENABLE_STRICT_OBJC_MSGSEND = YES;
				ENABLE_TESTABILITY = YES;
				GCC_C_LANGUAGE_STANDARD = gnu99;
				GCC_DYNAMIC_NO_PIC = NO;
				GCC_NO_COMMON_BLOCKS = YES;
				GCC_OPTIMIZATION_LEVEL = 0;
				GCC_PREPROCESSOR_DEFINITIONS = (
					"DEBUG=1",
					"$(inherited)",
				);
				GCC_WARN_64_TO_32_BIT_CONVERSION = YES;
				GCC_WARN_ABOUT_RETURN_TYPE = YES_ERROR;
				GCC_WARN_UNDECLARED_SELECTOR = YES;
				GCC_WARN_UNINITIALIZED_AUTOS = YES_AGGRESSIVE;
				GCC_WARN_UNUSED_FUNCTION = YES;
				GCC_WARN_UNUSED_VARIABLE = YES;
				IPHONEOS_DEPLOYMENT_TARGET = 9.0;
				MTL_ENABLE_DEBUG_INFO = YES;
				ONLY_ACTIVE_ARCH = YES;
				SDKROOT = iphoneos;
				SWIFT_ACTIVE_COMPILATION_CONDITIONS = DEBUG;
				SWIFT_OPTIMIZATION_LEVEL = "-Onone";
				SWIFT_VERSION = 4.0;
				TARGETED_DEVICE_FAMILY = "1,2";
				VERSIONING_SYSTEM = "apple-generic";
				VERSION_INFO_PREFIX = "";
			};
			name = Debug;
		};
		BEDA3F3C1E380E5D00B5091C /* Release */ = {
			isa = XCBuildConfiguration;
			buildSettings = {
				ALWAYS_SEARCH_USER_PATHS = NO;
				CLANG_ANALYZER_NONNULL = YES;
				CLANG_CXX_LANGUAGE_STANDARD = "gnu++0x";
				CLANG_CXX_LIBRARY = "libc++";
				CLANG_ENABLE_MODULES = YES;
				CLANG_ENABLE_OBJC_ARC = YES;
				CLANG_WARN_BLOCK_CAPTURE_AUTORELEASING = YES;
				CLANG_WARN_BOOL_CONVERSION = YES;
				CLANG_WARN_COMMA = YES;
				CLANG_WARN_CONSTANT_CONVERSION = YES;
				CLANG_WARN_DEPRECATED_OBJC_IMPLEMENTATIONS = YES;
				CLANG_WARN_DIRECT_OBJC_ISA_USAGE = YES_ERROR;
				CLANG_WARN_DOCUMENTATION_COMMENTS = YES;
				CLANG_WARN_EMPTY_BODY = YES;
				CLANG_WARN_ENUM_CONVERSION = YES;
				CLANG_WARN_INFINITE_RECURSION = YES;
				CLANG_WARN_INT_CONVERSION = YES;
				CLANG_WARN_NON_LITERAL_NULL_CONVERSION = YES;
				CLANG_WARN_OBJC_IMPLICIT_RETAIN_SELF = YES;
				CLANG_WARN_OBJC_LITERAL_CONVERSION = YES;
				CLANG_WARN_OBJC_ROOT_CLASS = YES_ERROR;
				CLANG_WARN_RANGE_LOOP_ANALYSIS = YES;
				CLANG_WARN_STRICT_PROTOTYPES = YES;
				CLANG_WARN_SUSPICIOUS_MOVE = YES;
				CLANG_WARN_UNREACHABLE_CODE = YES;
				CLANG_WARN__DUPLICATE_METHOD_MATCH = YES;
				"CODE_SIGN_IDENTITY[sdk=iphoneos*]" = "iPhone Developer";
				COPY_PHASE_STRIP = NO;
				CURRENT_PROJECT_VERSION = 1;
				DEBUG_INFORMATION_FORMAT = "dwarf-with-dsym";
				ENABLE_BITCODE = YES;
				ENABLE_NS_ASSERTIONS = NO;
				ENABLE_STRICT_OBJC_MSGSEND = YES;
				GCC_C_LANGUAGE_STANDARD = gnu99;
				GCC_NO_COMMON_BLOCKS = YES;
				GCC_WARN_64_TO_32_BIT_CONVERSION = YES;
				GCC_WARN_ABOUT_RETURN_TYPE = YES_ERROR;
				GCC_WARN_UNDECLARED_SELECTOR = YES;
				GCC_WARN_UNINITIALIZED_AUTOS = YES_AGGRESSIVE;
				GCC_WARN_UNUSED_FUNCTION = YES;
				GCC_WARN_UNUSED_VARIABLE = YES;
				IPHONEOS_DEPLOYMENT_TARGET = 9.0;
				MTL_ENABLE_DEBUG_INFO = NO;
				SDKROOT = iphoneos;
				SWIFT_OPTIMIZATION_LEVEL = "-Owholemodule";
				SWIFT_VERSION = 4.0;
				TARGETED_DEVICE_FAMILY = "1,2";
				VALIDATE_PRODUCT = YES;
				VERSIONING_SYSTEM = "apple-generic";
				VERSION_INFO_PREFIX = "";
			};
			name = Release;
		};
		BEDA3F3E1E380E5D00B5091C /* Debug */ = {
			isa = XCBuildConfiguration;
			buildSettings = {
				APPLICATION_EXTENSION_API_ONLY = YES;
				CODE_SIGN_IDENTITY = "iPhone Developer";
				DEBUG_INFORMATION_FORMAT = "dwarf-with-dsym";
				DEFINES_MODULE = YES;
				DEVELOPMENT_TEAM = 6G5LMQ72D8;
				DYLIB_COMPATIBILITY_VERSION = 1;
				DYLIB_CURRENT_VERSION = 1;
				DYLIB_INSTALL_NAME_BASE = "@rpath";
				FRAMEWORK_SEARCH_PATHS = (
					"$(inherited)",
					"$(PROJECT_DIR)",
				);
				INFOPLIST_FILE = Platforms/Info.plist;
				INSTALL_PATH = "$(LOCAL_LIBRARY_DIR)/Frameworks";
				IPHONEOS_DEPLOYMENT_TARGET = 11.0;
				LD_RUNPATH_SEARCH_PATHS = "$(inherited) @executable_path/Frameworks @loader_path/Frameworks";
				PRODUCT_BUNDLE_IDENTIFIER = be.silverfox.savannakit;
				PRODUCT_MODULE_NAME = SavannaKit;
				PRODUCT_NAME = SavannaKit;
				PROVISIONING_PROFILE_SPECIFIER = "";
				SKIP_INSTALL = YES;
				SWIFT_VERSION = 4.2;
			};
			name = Debug;
		};
		BEDA3F3F1E380E5D00B5091C /* Release */ = {
			isa = XCBuildConfiguration;
			buildSettings = {
				APPLICATION_EXTENSION_API_ONLY = YES;
				CODE_SIGN_IDENTITY = "iPhone Developer";
				DEFINES_MODULE = YES;
				DEVELOPMENT_TEAM = 6G5LMQ72D8;
				DYLIB_COMPATIBILITY_VERSION = 1;
				DYLIB_CURRENT_VERSION = 1;
				DYLIB_INSTALL_NAME_BASE = "@rpath";
				FRAMEWORK_SEARCH_PATHS = (
					"$(inherited)",
					"$(PROJECT_DIR)",
				);
				INFOPLIST_FILE = Platforms/Info.plist;
				INSTALL_PATH = "$(LOCAL_LIBRARY_DIR)/Frameworks";
				IPHONEOS_DEPLOYMENT_TARGET = 11.0;
				LD_RUNPATH_SEARCH_PATHS = "$(inherited) @executable_path/Frameworks @loader_path/Frameworks";
				PRODUCT_BUNDLE_IDENTIFIER = be.silverfox.savannakit;
				PRODUCT_MODULE_NAME = SavannaKit;
				PRODUCT_NAME = SavannaKit;
				PROVISIONING_PROFILE_SPECIFIER = "";
				SKIP_INSTALL = YES;
				SWIFT_VERSION = 4.2;
			};
			name = Release;
		};
		BEE6D390209A312400E881D9 /* Debug */ = {
			isa = XCBuildConfiguration;
			buildSettings = {
				CLANG_ANALYZER_NUMBER_OBJECT_CONVERSION = YES_AGGRESSIVE;
				CLANG_CXX_LANGUAGE_STANDARD = "gnu++14";
				CLANG_ENABLE_OBJC_WEAK = YES;
				CLANG_WARN_UNGUARDED_AVAILABILITY = YES_AGGRESSIVE;
				CODE_SIGN_IDENTITY = "Mac Developer";
				CODE_SIGN_STYLE = Automatic;
				COMBINE_HIDPI_IMAGES = YES;
				DEVELOPMENT_TEAM = 6G5LMQ72D8;
				ENABLE_BITCODE = NO;
				GCC_C_LANGUAGE_STANDARD = gnu11;
				INFOPLIST_FILE = SavannaKitTests/Info.plist;
				LD_RUNPATH_SEARCH_PATHS = "$(inherited) @executable_path/../Frameworks @loader_path/../Frameworks";
				MACOSX_DEPLOYMENT_TARGET = 10.13;
				PRODUCT_BUNDLE_IDENTIFIER = be.silverfox.SavannaKitTests;
				PRODUCT_NAME = "$(TARGET_NAME)";
				SDKROOT = macosx;
				SWIFT_VERSION = 4.2;
			};
			name = Debug;
		};
		BEE6D391209A312400E881D9 /* Release */ = {
			isa = XCBuildConfiguration;
			buildSettings = {
				CLANG_ANALYZER_NUMBER_OBJECT_CONVERSION = YES_AGGRESSIVE;
				CLANG_CXX_LANGUAGE_STANDARD = "gnu++14";
				CLANG_ENABLE_OBJC_WEAK = YES;
				CLANG_WARN_UNGUARDED_AVAILABILITY = YES_AGGRESSIVE;
				CODE_SIGN_IDENTITY = "Mac Developer";
				CODE_SIGN_STYLE = Automatic;
				COMBINE_HIDPI_IMAGES = YES;
				DEVELOPMENT_TEAM = 6G5LMQ72D8;
				ENABLE_BITCODE = NO;
				GCC_C_LANGUAGE_STANDARD = gnu11;
				INFOPLIST_FILE = SavannaKitTests/Info.plist;
				LD_RUNPATH_SEARCH_PATHS = "$(inherited) @executable_path/../Frameworks @loader_path/../Frameworks";
				MACOSX_DEPLOYMENT_TARGET = 10.13;
				PRODUCT_BUNDLE_IDENTIFIER = be.silverfox.SavannaKitTests;
				PRODUCT_NAME = "$(TARGET_NAME)";
				SDKROOT = macosx;
				SWIFT_VERSION = 4.2;
			};
			name = Release;
		};
		BEF8B64F20B88782006B85E9 /* Debug */ = {
			isa = XCBuildConfiguration;
			buildSettings = {
				ALWAYS_EMBED_SWIFT_STANDARD_LIBRARIES = YES;
				ASSETCATALOG_COMPILER_APPICON_NAME = AppIcon;
				CLANG_ANALYZER_NUMBER_OBJECT_CONVERSION = YES_AGGRESSIVE;
				CLANG_CXX_LANGUAGE_STANDARD = "gnu++14";
				CLANG_ENABLE_OBJC_WEAK = YES;
				CLANG_WARN_UNGUARDED_AVAILABILITY = YES_AGGRESSIVE;
				CODE_SIGN_IDENTITY = "iPhone Developer";
				CODE_SIGN_STYLE = Automatic;
				DEVELOPMENT_TEAM = 6G5LMQ72D8;
				GCC_C_LANGUAGE_STANDARD = gnu11;
				INFOPLIST_FILE = "iOS Example/Info.plist";
				IPHONEOS_DEPLOYMENT_TARGET = 11.3;
				LD_RUNPATH_SEARCH_PATHS = "$(inherited) @executable_path/Frameworks";
				PRODUCT_BUNDLE_IDENTIFIER = "be.silverfox.savannakit.iOS-Example";
				PRODUCT_NAME = "$(TARGET_NAME)";
				SWIFT_VERSION = 4.2;
				TARGETED_DEVICE_FAMILY = "1,2";
			};
			name = Debug;
		};
		BEF8B65020B88782006B85E9 /* Release */ = {
			isa = XCBuildConfiguration;
			buildSettings = {
				ALWAYS_EMBED_SWIFT_STANDARD_LIBRARIES = YES;
				ASSETCATALOG_COMPILER_APPICON_NAME = AppIcon;
				CLANG_ANALYZER_NUMBER_OBJECT_CONVERSION = YES_AGGRESSIVE;
				CLANG_CXX_LANGUAGE_STANDARD = "gnu++14";
				CLANG_ENABLE_OBJC_WEAK = YES;
				CLANG_WARN_UNGUARDED_AVAILABILITY = YES_AGGRESSIVE;
				CODE_SIGN_IDENTITY = "iPhone Developer";
				CODE_SIGN_STYLE = Automatic;
				DEVELOPMENT_TEAM = 6G5LMQ72D8;
				GCC_C_LANGUAGE_STANDARD = gnu11;
				INFOPLIST_FILE = "iOS Example/Info.plist";
				IPHONEOS_DEPLOYMENT_TARGET = 11.3;
				LD_RUNPATH_SEARCH_PATHS = "$(inherited) @executable_path/Frameworks";
				PRODUCT_BUNDLE_IDENTIFIER = "be.silverfox.savannakit.iOS-Example";
				PRODUCT_NAME = "$(TARGET_NAME)";
				SWIFT_VERSION = 4.2;
				TARGETED_DEVICE_FAMILY = "1,2";
			};
			name = Release;
		};
/* End XCBuildConfiguration section */

/* Begin XCConfigurationList section */
		BE1562731EFE9E7C00EB3723 /* Build configuration list for PBXNativeTarget "SavannaKit macOS" */ = {
			isa = XCConfigurationList;
			buildConfigurations = (
				BE1562741EFE9E7C00EB3723 /* Debug */,
				BE1562751EFE9E7C00EB3723 /* Release */,
			);
			defaultConfigurationIsVisible = 0;
			defaultConfigurationName = Release;
		};
		BEDA3F2F1E380E5D00B5091C /* Build configuration list for PBXProject "SavannaKit" */ = {
			isa = XCConfigurationList;
			buildConfigurations = (
				BEDA3F3B1E380E5D00B5091C /* Debug */,
				BEDA3F3C1E380E5D00B5091C /* Release */,
			);
			defaultConfigurationIsVisible = 0;
			defaultConfigurationName = Release;
		};
		BEDA3F3D1E380E5D00B5091C /* Build configuration list for PBXNativeTarget "SavannaKit iOS" */ = {
			isa = XCConfigurationList;
			buildConfigurations = (
				BEDA3F3E1E380E5D00B5091C /* Debug */,
				BEDA3F3F1E380E5D00B5091C /* Release */,
			);
			defaultConfigurationIsVisible = 0;
			defaultConfigurationName = Release;
		};
		BEE6D38F209A312400E881D9 /* Build configuration list for PBXNativeTarget "SavannaKitTests" */ = {
			isa = XCConfigurationList;
			buildConfigurations = (
				BEE6D390209A312400E881D9 /* Debug */,
				BEE6D391209A312400E881D9 /* Release */,
			);
			defaultConfigurationIsVisible = 0;
			defaultConfigurationName = Release;
		};
		BEF8B65120B88782006B85E9 /* Build configuration list for PBXNativeTarget "iOS Example" */ = {
			isa = XCConfigurationList;
			buildConfigurations = (
				BEF8B64F20B88782006B85E9 /* Debug */,
				BEF8B65020B88782006B85E9 /* Release */,
			);
			defaultConfigurationIsVisible = 0;
			defaultConfigurationName = Release;
		};
/* End XCConfigurationList section */
	};
	rootObject = BEDA3F2C1E380E5D00B5091C /* Project object */;
}
